
Microsoft Visual Studio Solution File, Format Version 12.00
# Visual Studio Version 16
VisualStudioVersion = 16.0.32106.194
MinimumVisualStudioVersion = 10.0.40219.1
Project("{FAE04EC0-301F-11D3-BF4B-00C04F79EFBC}") = "CarsAPI", "CarsAPI\CarsAPI.csproj", "{2D6216A8-0C61-4FFD-9745-B2F304905B59}"
EndProject
Global
	GlobalSection(SolutionConfigurationPlatforms) = preSolution
		Debug|Any CPU = Debug|Any CPU
		Release|Any CPU = Release|Any CPU
	EndGlobalSection
	GlobalSection(ProjectConfigurationPlatforms) = postSolution
		{2D6216A8-0C61-4FFD-9745-B2F304905B59}.Debug|Any CPU.ActiveCfg = Debug|Any CPU
		{2D6216A8-0C61-4FFD-9745-B2F304905B59}.Debug|Any CPU.Build.0 = Debug|Any CPU
		{2D6216A8-0C61-4FFD-9745-B2F304905B59}.Release|Any CPU.ActiveCfg = Release|Any CPU
		{2D6216A8-0C61-4FFD-9745-B2F304905B59}.Release|Any CPU.Build.0 = Release|Any CPU
	EndGlobalSection
	GlobalSection(SolutionProperties) = preSolution
		HideSolutionNode = FALSE
	EndGlobalSection
	GlobalSection(ExtensibilityGlobals) = postSolution
		SolutionGuid = {62DA4751-CA79-48DF-838C-788B682422D8}
	EndGlobalSection
EndGlobal
